Microsoft Visual Studio Solution File, Format Version 12.00
# Visual Studio 2012
Project("{FAE04EC0-301F-11D3-BF4B-00C04F79EFBC}") = "Commercial architecture simulator", "Commercial architecture simulator.csproj", "{80D73EA7-EE2A-452F-B231-837F473019CA}"
EndProject
Global
	GlobalSection(SolutionConfigurationPlatforms) = preSolution
	Debug|Any CPU = Debug|Any CPU
	ExportDebug|Any CPU = ExportDebug|Any CPU
	ExportRelease|Any CPU = ExportRelease|Any CPU
	EndGlobalSection
	GlobalSection(ProjectConfigurationPlatforms) = postSolution
		{80D73EA7-EE2A-452F-B231-837F473019CA}.Debug|Any CPU.ActiveCfg = Debug|Any CPU
		{80D73EA7-EE2A-452F-B231-837F473019CA}.Debug|Any CPU.Build.0 = Debug|Any CPU
		{80D73EA7-EE2A-452F-B231-837F473019CA}.ExportDebug|Any CPU.ActiveCfg = ExportDebug|Any CPU
		{80D73EA7-EE2A-452F-B231-837F473019CA}.ExportDebug|Any CPU.Build.0 = ExportDebug|Any CPU
		{80D73EA7-EE2A-452F-B231-837F473019CA}.ExportRelease|Any CPU.ActiveCfg = ExportRelease|Any CPU
		{80D73EA7-EE2A-452F-B231-837F473019CA}.ExportRelease|Any CPU.Build.0 = ExportRelease|Any CPU
	EndGlobalSection
EndGlobal
